
Microsoft Visual Studio Solution File, Format Version 12.00
# Visual Studio Version 17
VisualStudioVersion = 17.7.34031.279
MinimumVisualStudioVersion = 10.0.40219.1
Project("{FAE04EC0-301F-11D3-BF4B-00C04F79EFBC}") = "JinaReaderGPTs20240430", "JinaReaderGPTs20240430\JinaReaderGPTs20240430.csproj", "{B3752833-636B-49C5-A87C-990274F73E41}"
EndProject
Global
	GlobalSection(SolutionConfigurationPlatforms) = preSolution
		Debug|Any CPU = Debug|Any CPU
		Release|Any CPU = Release|Any CPU
	EndGlobalSection
	GlobalSection(ProjectConfigurationPlatforms) = postSolution
		{B3752833-636B-49C5-A87C-990274F73E41}.Debug|Any CPU.ActiveCfg = Debug|Any CPU
		{B3752833-636B-49C5-A87C-990274F73E41}.Debug|Any CPU.Build.0 = Debug|Any CPU
		{B3752833-636B-49C5-A87C-990274F73E41}.Release|Any CPU.ActiveCfg = Release|Any CPU
		{B3752833-636B-49C5-A87C-990274F73E41}.Release|Any CPU.Build.0 = Release|Any CPU
	EndGlobalSection
	GlobalSection(SolutionProperties) = preSolution
		HideSolutionNode = FALSE
	EndGlobalSection
	GlobalSection(ExtensibilityGlobals) = postSolution
		SolutionGuid = {E43E75DA-1A0F-4657-BA53-E5949D84A1FA}
	EndGlobalSection
EndGlobal
